
Microsoft Visual Studio Solution File, Format Version 12.00
# Visual Studio 15
VisualStudioVersion = 15.0.27428.2015
MinimumVisualStudioVersion = 10.0.40219.1
Project("{9A19103F-16F7-4668-BE54-9A1E7A4F7556}") = "MyWebsite5", "MyWebsite5\MyWebsite5.csproj", "{A7E9109B-DA92-433E-9AA2-F6A78ACA937A}"
EndProject
Project("{9A19103F-16F7-4668-BE54-9A1E7A4F7556}") = "MyWebsite5.1", "MyMyWebsite5.1\MyWebsite5.1.csproj", "{F3A5A5E5-7FE4-44B4-AC5B-33622E8B75EA}"
EndProject
Project("{9A19103F-16F7-4668-BE54-9A1E7A4F7556}") = "MyWebsite5.2", "MyWebsite5.2\MyWebsite5.2.csproj", "{4CFE1F53-1E37-42B2-8DCA-164CA822431F}"
EndProject
Project("{FAE04EC0-301F-11D3-BF4B-00C04F79EFBC}") = "MyWebsite5.3", "MyWebsite5.3\MyWebsite5.3.csproj", "{6BD3F6B2-5085-4D56-B0C7-932001FF4FF2}"
EndProject
Global
	GlobalSection(SolutionConfigurationPlatforms) = preSolution
		Debug|Any CPU = Debug|Any CPU
		Release|Any CPU = Release|Any CPU
	EndGlobalSection
	GlobalSection(ProjectConfigurationPlatforms) = postSolution
		{A7E9109B-DA92-433E-9AA2-F6A78ACA937A}.Debug|Any CPU.ActiveCfg = Debug|Any CPU
		{A7E9109B-DA92-433E-9AA2-F6A78ACA937A}.Debug|Any CPU.Build.0 = Debug|Any CPU
		{A7E9109B-DA92-433E-9AA2-F6A78ACA937A}.Release|Any CPU.ActiveCfg = Release|Any CPU
		{A7E9109B-DA92-433E-9AA2-F6A78ACA937A}.Release|Any CPU.Build.0 = Release|Any CPU
		{F3A5A5E5-7FE4-44B4-AC5B-33622E8B75EA}.Debug|Any CPU.ActiveCfg = Debug|Any CPU
		{F3A5A5E5-7FE4-44B4-AC5B-33622E8B75EA}.Debug|Any CPU.Build.0 = Debug|Any CPU
		{F3A5A5E5-7FE4-44B4-AC5B-33622E8B75EA}.Release|Any CPU.ActiveCfg = Release|Any CPU
		{F3A5A5E5-7FE4-44B4-AC5B-33622E8B75EA}.Release|Any CPU.Build.0 = Release|Any CPU
		{4CFE1F53-1E37-42B2-8DCA-164CA822431F}.Debug|Any CPU.ActiveCfg = Debug|Any CPU
		{4CFE1F53-1E37-42B2-8DCA-164CA822431F}.Debug|Any CPU.Build.0 = Debug|Any CPU
		{4CFE1F53-1E37-42B2-8DCA-164CA822431F}.Release|Any CPU.ActiveCfg = Release|Any CPU
		{4CFE1F53-1E37-42B2-8DCA-164CA822431F}.Release|Any CPU.Build.0 = Release|Any CPU
		{6BD3F6B2-5085-4D56-B0C7-932001FF4FF2}.Debug|Any CPU.ActiveCfg = Debug|Any CPU
		{6BD3F6B2-5085-4D56-B0C7-932001FF4FF2}.Debug|Any CPU.Build.0 = Debug|Any CPU
		{6BD3F6B2-5085-4D56-B0C7-932001FF4FF2}.Release|Any CPU.ActiveCfg = Release|Any CPU
		{6BD3F6B2-5085-4D56-B0C7-932001FF4FF2}.Release|Any CPU.Build.0 = Release|Any CPU
	EndGlobalSection
	GlobalSection(SolutionProperties) = preSolution
		HideSolutionNode = FALSE
	EndGlobalSection
	GlobalSection(ExtensibilityGlobals) = postSolution
		SolutionGuid = {4EE21DB0-D140-4B4E-8418-3EDF62C4BEFD}
	EndGlobalSection
EndGlobal
